// !$*UTF8*$!
{
	archiveVersion = 1;
	classes = {
	};
	objectVersion = 46;
	objects = {

/* Begin PBXBuildFile section */
		656953DE1CA3F2940020EDB2 /* AppDelegate.swift in Sources */ = {isa = PBXBuildFile; fileRef = 656953DD1CA3F2940020EDB2 /* AppDelegate.swift */; };
		656953E31CA3F2940020EDB2 /* Main.storyboard in Resources */ = {isa = PBXBuildFile; fileRef = 656953E11CA3F2940020EDB2 /* Main.storyboard */; };
		656953E51CA3F2940020EDB2 /* Assets.xcassets in Resources */ = {isa = PBXBuildFile; fileRef = 656953E41CA3F2940020EDB2 /* Assets.xcassets */; };
		656953E81CA3F2940020EDB2 /* LaunchScreen.storyboard in Resources */ = {isa = PBXBuildFile; fileRef = 656953E61CA3F2940020EDB2 /* LaunchScreen.storyboard */; };
		656953F01CA3F2C40020EDB2 /* TableViewController.swift in Sources */ = {isa = PBXBuildFile; fileRef = 656953EF1CA3F2C40020EDB2 /* TableViewController.swift */; };
		656953F21CA3F3920020EDB2 /* Debug.swift in Sources */ = {isa = PBXBuildFile; fileRef = 656953F11CA3F3920020EDB2 /* Debug.swift */; };
/* End PBXBuildFile section */

/* Begin PBXFileReference section */
		656953DA1CA3F2940020EDB2 /* TimerInTableView.app */ = {isa = PBXFileReference; explicitFileType = wrapper.application; includeInIndex = 0; path = TimerInTableView.app; sourceTree = BUILT_PRODUCTS_DIR; };
		656953DD1CA3F2940020EDB2 /* AppDelegate.swift */ = {isa = PBXFileReference; lastKnownFileType = sourcecode.swift; path = AppDelegate.swift; sourceTree = "<group>"; };
		656953E21CA3F2940020EDB2 /* Base */ = {isa = PBXFileReference; lastKnownFileType = file.storyboard; name = Base; path = Base.lproj/Main.storyboard; sourceTree = "<group>"; };
		656953E41CA3F2940020EDB2 /* Assets.xcassets */ = {isa = PBXFileReference; lastKnownFileType = folder.assetcatalog; path = Assets.xcassets; sourceTree = "<group>"; };
		656953E71CA3F2940020EDB2 /* Base */ = {isa = PBXFileReference; lastKnownFileType = file.storyboard; name = Base; path = Base.lproj/LaunchScreen.storyboard; sourceTree = "<group>"; };
		656953E91CA3F2940020EDB2 /* Info.plist */ = {isa = PBXFileReference; lastKnownFileType = text.plist.xml; path = Info.plist; sourceTree = "<group>"; };
		656953EF1CA3F2C40020EDB2 /* TableViewController.swift */ = {isa = PBXFileReference; fileEncoding = 4; lastKnownFileType = sourcecode.swift; path = TableViewController.swift; sourceTree = "<group>"; };
		656953F11CA3F3920020EDB2 /* Debug.swift */ = {isa = PBXFileReference; fileEncoding = 4; lastKnownFileType = sourcecode.swift; path = Debug.swift; sourceTree = "<group>"; };
/* End PBXFileReference section */

/* Begin PBXFrameworksBuildPhase section */
		656953D71CA3F2940020EDB2 /* Frameworks */ = {
			isa = PBXFrameworksBuildPhase;
			buildActionMask = 2147483647;
			files = (
			);
			runOnlyForDeploymentPostprocessing = 0;
		};
/* End PBXFrameworksBuildPhase section */

/* Begin PBXGroup section */
		656953D11CA3F2940020EDB2 = {
			isa = PBXGroup;
			children = (
				656953DC1CA3F2940020EDB2 /* TimerInTableView */,
				656953DB1CA3F2940020EDB2 /* Products */,
			);
			sourceTree = "<group>";
		};
		656953DB1CA3F2940020EDB2 /* Products */ = {
			isa = PBXGroup;
			children = (
				656953DA1CA3F2940020EDB2 /* TimerInTableView.app */,
			);
			name = Products;
			sourceTree = "<group>";
		};
		656953DC1CA3F2940020EDB2 /* TimerInTableView */ = {
			isa = PBXGroup;
			children = (
				656953DD1CA3F2940020EDB2 /* AppDelegate.swift */,
				656953EF1CA3F2C40020EDB2 /* TableViewController.swift */,
				656953E11CA3F2940020EDB2 /* Main.storyboard */,
				656953E41CA3F2940020EDB2 /* Assets.xcassets */,
				656953E61CA3F2940020EDB2 /* LaunchScreen.storyboard */,
				656953E91CA3F2940020EDB2 /* Info.plist */,
				656953F11CA3F3920020EDB2 /* Debug.swift */,
			);
			path = TimerInTableView;
			sourceTree = "<group>";
		};
/* End PBXGroup section */

/* Begin PBXNativeTarget section */
		656953D91CA3F2940020EDB2 /* TimerInTableView */ = {
			isa = PBXNativeTarget;
			buildConfigurationList = 656953EC1CA3F2940020EDB2 /* Build configuration list for PBXNativeTarget "TimerInTableView" */;
			buildPhases = (
				656953D61CA3F2940020EDB2 /* Sources */,
				656953D71CA3F2940020EDB2 /* Frameworks */,
				656953D81CA3F2940020EDB2 /* Resources */,
			);
			buildRules = (
			);
			dependencies = (
			);
			name = TimerInTableView;
			productName = TimerInTableView;
			productReference = 656953DA1CA3F2940020EDB2 /* TimerInTableView.app */;
			productType = "com.apple.product-type.application";
		};
/* End PBXNativeTarget section */

/* Begin PBXProject section */
		656953D21CA3F2940020EDB2 /* Project object */ = {
			isa = PBXProject;
			attributes = {
				LastSwiftUpdateCheck = 0720;
				LastUpgradeCheck = 0720;
				ORGANIZATIONNAME = myknack;
				TargetAttributes = {
					656953D91CA3F2940020EDB2 = {
						CreatedOnToolsVersion = 7.2.1;
					};
				};
			};
			buildConfigurationList = 656953D51CA3F2940020EDB2 /* Build configuration list for PBXProject "TimerInTableView" */;
			compatibilityVersion = "Xcode 3.2";
			developmentRegion = English;
			hasScannedForEncodings = 0;
			knownRegions = (
				en,
				Base,
			);
			mainGroup = 656953D11CA3F2940020EDB2;
			productRefGroup = 656953DB1CA3F2940020EDB2 /* Products */;
			projectDirPath = "";
			projectRoot = "";
			targets = (
				656953D91CA3F2940020EDB2 /* TimerInTableView */,
			);
		};
/* End PBXProject section */

/* Begin PBXResourcesBuildPhase section */
		656953D81CA3F2940020EDB2 /* Resources */ = {
			isa = PBXResourcesBuildPhase;
			buildActionMask = 2147483647;
			files = (
				656953E81CA3F2940020EDB2 /* LaunchScreen.storyboard in Resources */,
				656953E51CA3F2940020EDB2 /* Assets.xcassets in Resources */,
				656953E31CA3F2940020EDB2 /* Main.storyboard in Resources */,
			);
			runOnlyForDeploymentPostprocessing = 0;
		};
/* End PBXResourcesBuildPhase section */

/* Begin PBXSourcesBuildPhase section */
		656953D61CA3F2940020EDB2 /* Sources */ = {
			isa = PBXSourcesBuildPhase;
			buildActionMask = 2147483647;
			files = (
				656953DE1CA3F2940020EDB2 /* AppDelegate.swift in Sources */,
				656953F21CA3F3920020EDB2 /* Debug.swift in Sources */,
				656953F01CA3F2C40020EDB2 /* TableViewController.swift in Sources */,
			);
			runOnlyForDeploymentPostprocessing = 0;
		};
/* End PBXSourcesBuildPhase section */

/* Begin PBXVariantGroup section */
		656953E11CA3F2940020EDB2 /* Main.storyboard */ = {
			isa = PBXVariantGroup;
			children = (
				656953E21CA3F2940020EDB2 /* Base */,
			);
			name = Main.storyboard;
			sourceTree = "<group>";
		};
		656953E61CA3F2940020EDB2 /* LaunchScreen.storyboard */ = {
			isa = PBXVariantGroup;
			children = (
				656953E71CA3F2940020EDB2 /* Base */,
			);
			name = LaunchScreen.storyboard;
			sourceTree = "<group>";
		};
/* End PBXVariantGroup section */

/* Begin XCBuildConfiguration section */
		656953EA1CA3F2940020EDB2 /* Debug */ = {
			isa = XCBuildConfiguration;
			buildSettings = {
				ALWAYS_SEARCH_USER_PATHS = NO;
				CLANG_CXX_LANGUAGE_STANDARD = "gnu++0x";
				CLANG_CXX_LIBRARY = "libc++";
				CLANG_ENABLE_MODULES = YES;
				CLANG_ENABLE_OBJC_ARC = YES;
				CLANG_WARN_BOOL_CONVERSION = YES;
				CLANG_WARN_CONSTANT_CONVERSION = YES;
				CLANG_WARN_DIRECT_OBJC_ISA_USAGE = YES_ERROR;
				CLANG_WARN_EMPTY_BODY = YES;
				CLANG_WARN_ENUM_CONVERSION = YES;
				CLANG_WARN_INT_CONVERSION = YES;
				CLANG_WARN_OBJC_ROOT_CLASS = YES_ERROR;
				CLANG_WARN_UNREACHABLE_CODE = YES;
				CLANG_WARN__DUPLICATE_METHOD_MATCH = YES;
				"CODE_SIGN_IDENTITY[sdk=iphoneos*]" = "iPhone Developer";
				COPY_PHASE_STRIP = NO;
				DEBUG_INFORMATION_FORMAT = dwarf;
				ENABLE_STRICT_OBJC_MSGSEND = YES;
				ENABLE_TESTABILITY = YES;
				GCC_C_LANGUAGE_STANDARD = gnu99;
				GCC_DYNAMIC_NO_PIC = NO;
				GCC_NO_COMMON_BLOCKS = YES;
				GCC_OPTIMIZATION_LEVEL = 0;
				GCC_PREPROCESSOR_DEFINITIONS = (
					"DEBUG=1",
					"$(inherited)",
				);
				GCC_WARN_64_TO_32_BIT_CONVERSION = YES;
				GCC_WARN_ABOUT_RETURN_TYPE = YES_ERROR;
				GCC_WARN_UNDECLARED_SELECTOR = YES;
				GCC_WARN_UNINITIALIZED_AUTOS = YES_AGGRESSIVE;
				GCC_WARN_UNUSED_FUNCTION = YES;
				GCC_WARN_UNUSED_VARIABLE = YES;
				IPHONEOS_DEPLOYMENT_TARGET = 9.2;
				MTL_ENABLE_DEBUG_INFO = YES;
				ONLY_ACTIVE_ARCH = YES;
				SDKROOT = iphoneos;
				SWIFT_OPTIMIZATION_LEVEL = "-Onone";
			};
			name = Debug;
		};
		656953EB1CA3F2940020EDB2 /* Release */ = {
			isa = XCBuildConfiguration;
			buildSettings = {
				ALWAYS_SEARCH_USER_PATHS = NO;
				CLANG_CXX_LANGUAGE_STANDARD = "gnu++0x";
				CLANG_CXX_LIBRARY = "libc++";
				CLANG_ENABLE_MODULES = YES;
				CLANG_ENABLE_OBJC_ARC = YES;
				CLANG_WARN_BOOL_CONVERSION = YES;
				CLANG_WARN_CONSTANT_CONVERSION = YES;
				CLANG_WARN_DIRECT_OBJC_ISA_USAGE = YES_ERROR;
				CLANG_WARN_EMPTY_BODY = YES;
				CLANG_WARN_ENUM_CONVERSION = YES;
				CLANG_WARN_INT_CONVERSION = YES;
				CLANG_WARN_OBJC_ROOT_CLASS = YES_ERROR;
				CLANG_WARN_UNREACHABLE_CODE = YES;
				CLANG_WARN__DUPLICATE_METHOD_MATCH = YES;
				"CODE_SIGN_IDENTITY[sdk=iphoneos*]" = "iPhone Developer";
				COPY_PHASE_STRIP = NO;
				DEBUG_INFORMATION_FORMAT = "dwarf-with-dsym";
				ENABLE_NS_ASSERTIONS = NO;
				ENABLE_STRICT_OBJC_MSGSEND = YES;
				GCC_C_LANGUAGE_STANDARD = gnu99;
				GCC_NO_COMMON_BLOCKS = YES;
				GCC_WARN_64_TO_32_BIT_CONVERSION = YES;
				GCC_WARN_ABOUT_RETURN_TYPE = YES_ERROR;
				GCC_WARN_UNDECLARED_SELECTOR = YES;
				GCC_WARN_UNINITIALIZED_AUTOS = YES_AGGRESSIVE;
				GCC_WARN_UNUSED_FUNCTION = YES;
				GCC_WARN_UNUSED_VARIABLE = YES;
				IPHONEOS_DEPLOYMENT_TARGET = 9.2;
				MTL_ENABLE_DEBUG_INFO = NO;
				SDKROOT = iphoneos;
				VALIDATE_PRODUCT = YES;
			};
			name = Release;
		};
		656953ED1CA3F2940020EDB2 /* Debug */ = {
			isa = XCBuildConfiguration;
			buildSettings = {
				ASSETCATALOG_COMPILER_APPICON_NAME = AppIcon;
				INFOPLIST_FILE = TimerInTableView/Info.plist;
				LD_RUNPATH_SEARCH_PATHS = "$(inherited) @executable_path/Frameworks";
				PRODUCT_BUNDLE_IDENTIFIER = de.myknack.TimerInTableView;
				PRODUCT_NAME = "$(TARGET_NAME)";
			};
			name = Debug;
		};
		656953EE1CA3F2940020EDB2 /* Release */ = {
			isa = XCBuildConfiguration;
			buildSettings = {
				ASSETCATALOG_COMPILER_APPICON_NAME = AppIcon;
				INFOPLIST_FILE = TimerInTableView/Info.plist;
				LD_RUNPATH_SEARCH_PATHS = "$(inherited) @executable_path/Frameworks";
				PRODUCT_BUNDLE_IDENTIFIER = de.myknack.TimerInTableView;
				PRODUCT_NAME = "$(TARGET_NAME)";
			};
			name = Release;
		};
/* End XCBuildConfiguration section */

/* Begin XCConfigurationList section */
		656953D51CA3F2940020EDB2 /* Build configuration list for PBXProject "TimerInTableView" */ = {
			isa = XCConfigurationList;
			buildConfigurations = (
				656953EA1CA3F2940020EDB2 /* Debug */,
				656953EB1CA3F2940020EDB2 /* Release */,
			);
			defaultConfigurationIsVisible = 0;
			defaultConfigurationName = Release;
		};
		656953EC1CA3F2940020EDB2 /* Build configuration list for PBXNativeTarget "TimerInTableView" */ = {
			isa = XCConfigurationList;
			buildConfigurations = (
				656953ED1CA3F2940020EDB2 /* Debug */,
				656953EE1CA3F2940020EDB2 /* Release */,
			);
			defaultConfigurationIsVisible = 0;
		};
/* End XCConfigurationList section */
	};
	rootObject = 656953D21CA3F2940020EDB2 /* Project object */;
}
